
Microsoft Visual Studio Solution File, Format Version 12.00
# Visual Studio Version 17
VisualStudioVersion = 17.10.35004.147
MinimumVisualStudioVersion = 10.0.40219.1
Project("{FAE04EC0-301F-11D3-BF4B-00C04F79EFBC}") = "BillGenerator", "BillGenerator\BillGenerator.csproj", "{2050D57F-BF4E-4D68-868C-ECCE99207494}"
EndProject
Global
	GlobalSection(SolutionConfigurationPlatforms) = preSolution
		Debug|Any CPU = Debug|Any CPU
		Release|Any CPU = Release|Any CPU
	EndGlobalSection
	GlobalSection(ProjectConfigurationPlatforms) = postSolution
		{2050D57F-BF4E-4D68-868C-ECCE99207494}.Debug|Any CPU.ActiveCfg = Debug|Any CPU
		{2050D57F-BF4E-4D68-868C-ECCE99207494}.Debug|Any CPU.Build.0 = Debug|Any CPU
		{2050D57F-BF4E-4D68-868C-ECCE99207494}.Release|Any CPU.ActiveCfg = Release|Any CPU
		{2050D57F-BF4E-4D68-868C-ECCE99207494}.Release|Any CPU.Build.0 = Release|Any CPU
	EndGlobalSection
	GlobalSection(SolutionProperties) = preSolution
		HideSolutionNode = FALSE
	EndGlobalSection
	GlobalSection(ExtensibilityGlobals) = postSolution
		SolutionGuid = {2DE1D8B4-13ED-41D7-8FB5-39602BD26C55}
	EndGlobalSection
EndGlobal
